
Microsoft Visual Studio Solution File, Format Version 12.00
# Visual Studio Version 17
VisualStudioVersion = 17.9.34728.123
MinimumVisualStudioVersion = 10.0.40219.1
Project("{FAE04EC0-301F-11D3-BF4B-00C04F79EFBC}") = "HTTPswagerTEST", "HTTPswagerTEST.csproj", "{55684E62-8697-46C5-9D72-D45E0AE58602}"
EndProject
Global
	GlobalSection(SolutionConfigurationPlatforms) = preSolution
		Debug|Any CPU = Debug|Any CPU
		Release|Any CPU = Release|Any CPU
	EndGlobalSection
	GlobalSection(ProjectConfigurationPlatforms) = postSolution
		{55684E62-8697-46C5-9D72-D45E0AE58602}.Debug|Any CPU.ActiveCfg = Debug|Any CPU
		{55684E62-8697-46C5-9D72-D45E0AE58602}.Debug|Any CPU.Build.0 = Debug|Any CPU
		{55684E62-8697-46C5-9D72-D45E0AE58602}.Release|Any CPU.ActiveCfg = Release|Any CPU
		{55684E62-8697-46C5-9D72-D45E0AE58602}.Release|Any CPU.Build.0 = Release|Any CPU
	EndGlobalSection
	GlobalSection(SolutionProperties) = preSolution
		HideSolutionNode = FALSE
	EndGlobalSection
	GlobalSection(ExtensibilityGlobals) = postSolution
		SolutionGuid = {423576D5-CDA4-4550-BE3F-D6ABF432BC66}
	EndGlobalSection
EndGlobal
